github.com/setanarut/mathutils v1.0.4 h1:wQCKsK510ZAgJxjRvTsuy7vNdDVoCH6cpHRfwfqm0uU=
github.com/setanarut/mathutils v1.0.4/go.mod h1:3G4pj9dlHe09GqPD4YJog/6CiZQp6Nxhd8e7aEGq80E=
github.com/setanarut/v v1.2.2 h1:oeivVtCk9OLkVAMpxwWqJN9XR6+8asQ/DXepQ0Y3rNs=
github.com/setanarut/v v1.2.2/go.mod h1:/EX95JGm9AilgfEaFCYlOz95IqJGVfCt/7r2i1rNRbw=
